// !$*UTF8*$!
{
	archiveVersion = 1;
	classes = {
	};
	objectVersion = 50;
	objects = {

/* Begin PBXBuildFile section */
		DC1733F022A58754001B8E04 /* Message.swift in Sources */ = {isa = PBXBuildFile; fileRef = DC1733EF22A58754001B8E04 /* Message.swift */; };
		DC4E93AA22A58390000F11F9 /* AppDelegate.swift in Sources */ = {isa = PBXBuildFile; fileRef = DC4E93A922A58390000F11F9 /* AppDelegate.swift */; };
		DC4E93AC22A58390000F11F9 /* ViewController.swift in Sources */ = {isa = PBXBuildFile; fileRef = DC4E93AB22A58390000F11F9 /* ViewController.swift */; };
		DC4E93AF22A58390000F11F9 /* Main.storyboard in Resources */ = {isa = PBXBuildFile; fileRef = DC4E93AD22A58390000F11F9 /* Main.storyboard */; };
		DC4E93B122A58392000F11F9 /* Assets.xcassets in Resources */ = {isa = PBXBuildFile; fileRef = DC4E93B022A58392000F11F9 /* Assets.xcassets */; };
		DC4E93B422A58392000F11F9 /* LaunchScreen.storyboard in Resources */ = {isa = PBXBuildFile; fileRef = DC4E93B222A58392000F11F9 /* LaunchScreen.storyboard */; };
		DCD6ADF622A5BAE200DAFA6D /* Message Controller.swift in Sources */ = {isa = PBXBuildFile; fileRef = DCD6ADF522A5BAE200DAFA6D /* Message Controller.swift */; };
		DCD6ADF922A5C00C00DAFA6D /* MessageListTableViewController.swift in Sources */ = {isa = PBXBuildFile; fileRef = DCD6ADF822A5C00C00DAFA6D /* MessageListTableViewController.swift */; };
/* End PBXBuildFile section */

/* Begin PBXFileReference section */
		DC1733EF22A58754001B8E04 /* Message.swift */ = {isa = PBXFileReference; lastKnownFileType = sourcecode.swift; path = Message.swift; sourceTree = "<group>"; };
		DC4E93A622A58390000F11F9 /* CKBulletinBoard.app */ = {isa = PBXFileReference; explicitFileType = wrapper.application; includeInIndex = 0; path = CKBulletinBoard.app; sourceTree = BUILT_PRODUCTS_DIR; };
		DC4E93A922A58390000F11F9 /* AppDelegate.swift */ = {isa = PBXFileReference; lastKnownFileType = sourcecode.swift; path = AppDelegate.swift; sourceTree = "<group>"; };
		DC4E93AB22A58390000F11F9 /* ViewController.swift */ = {isa = PBXFileReference; lastKnownFileType = sourcecode.swift; path = ViewController.swift; sourceTree = "<group>"; };
		DC4E93AE22A58390000F11F9 /* Base */ = {isa = PBXFileReference; lastKnownFileType = file.storyboard; name = Base; path = Base.lproj/Main.storyboard; sourceTree = "<group>"; };
		DC4E93B022A58392000F11F9 /* Assets.xcassets */ = {isa = PBXFileReference; lastKnownFileType = folder.assetcatalog; path = Assets.xcassets; sourceTree = "<group>"; };
		DC4E93B322A58392000F11F9 /* Base */ = {isa = PBXFileReference; lastKnownFileType = file.storyboard; name = Base; path = Base.lproj/LaunchScreen.storyboard; sourceTree = "<group>"; };
		DC4E93B522A58392000F11F9 /* Info.plist */ = {isa = PBXFileReference; lastKnownFileType = text.plist.xml; path = Info.plist; sourceTree = "<group>"; };
		DCD6ADF522A5BAE200DAFA6D /* Message Controller.swift */ = {isa = PBXFileReference; lastKnownFileType = sourcecode.swift; path = "Message Controller.swift"; sourceTree = "<group>"; };
		DCD6ADF822A5C00C00DAFA6D /* MessageListTableViewController.swift */ = {isa = PBXFileReference; lastKnownFileType = sourcecode.swift; path = MessageListTableViewController.swift; sourceTree = "<group>"; };
/* End PBXFileReference section */

/* Begin PBXFrameworksBuildPhase section */
		DC4E93A322A58390000F11F9 /* Frameworks */ = {
			isa = PBXFrameworksBuildPhase;
			buildActionMask = 2147483647;
			files = (
			);
			runOnlyForDeploymentPostprocessing = 0;
		};
/* End PBXFrameworksBuildPhase section */

/* Begin PBXGroup section */
		DC1733F122A5875A001B8E04 /* Model */ = {
			isa = PBXGroup;
			children = (
				DC1733EF22A58754001B8E04 /* Message.swift */,
			);
			path = Model;
			sourceTree = "<group>";
		};
		DC1733F222A587C9001B8E04 /* Resources */ = {
			isa = PBXGroup;
			children = (
				DC4E93A922A58390000F11F9 /* AppDelegate.swift */,
				DC4E93B022A58392000F11F9 /* Assets.xcassets */,
				DC4E93B222A58392000F11F9 /* LaunchScreen.storyboard */,
				DC4E93B522A58392000F11F9 /* Info.plist */,
			);
			path = Resources;
			sourceTree = "<group>";
		};
		DC4E939D22A58390000F11F9 = {
			isa = PBXGroup;
			children = (
				DC4E93A822A58390000F11F9 /* CKBulletinBoard */,
				DC4E93A722A58390000F11F9 /* Products */,
			);
			sourceTree = "<group>";
		};
		DC4E93A722A58390000F11F9 /* Products */ = {
			isa = PBXGroup;
			children = (
				DC4E93A622A58390000F11F9 /* CKBulletinBoard.app */,
			);
			name = Products;
			sourceTree = "<group>";
		};
		DC4E93A822A58390000F11F9 /* CKBulletinBoard */ = {
			isa = PBXGroup;
			children = (
				DC1733F222A587C9001B8E04 /* Resources */,
				DC1733F122A5875A001B8E04 /* Model */,
				DC4E93AB22A58390000F11F9 /* ViewController.swift */,
				DC4E93AD22A58390000F11F9 /* Main.storyboard */,
				DCD6ADF722A5BFE300DAFA6D /* Controllers */,
			);
			path = CKBulletinBoard;
			sourceTree = "<group>";
		};
		DCD6ADF722A5BFE300DAFA6D /* Controllers */ = {
			isa = PBXGroup;
			children = (
				DCD6ADF522A5BAE200DAFA6D /* Message Controller.swift */,
				DCD6ADFA22A5C01100DAFA6D /* ViewControllers */,
			);
			path = Controllers;
			sourceTree = "<group>";
		};
		DCD6ADFA22A5C01100DAFA6D /* ViewControllers */ = {
			isa = PBXGroup;
			children = (
				DCD6ADF822A5C00C00DAFA6D /* MessageListTableViewController.swift */,
			);
			path = ViewControllers;
			sourceTree = "<group>";
		};
/* End PBXGroup section */

/* Begin PBXNativeTarget section */
		DC4E93A522A58390000F11F9 /* CKBulletinBoard */ = {
			isa = PBXNativeTarget;
			buildConfigurationList = DC4E93B822A58392000F11F9 /* Build configuration list for PBXNativeTarget "CKBulletinBoard" */;
			buildPhases = (
				DC4E93A222A58390000F11F9 /* Sources */,
				DC4E93A322A58390000F11F9 /* Frameworks */,
				DC4E93A422A58390000F11F9 /* Resources */,
			);
			buildRules = (
			);
			dependencies = (
			);
			name = CKBulletinBoard;
			productName = CKBulletinBoard;
			productReference = DC4E93A622A58390000F11F9 /* CKBulletinBoard.app */;
			productType = "com.apple.product-type.application";
		};
/* End PBXNativeTarget section */

/* Begin PBXProject section */
		DC4E939E22A58390000F11F9 /* Project object */ = {
			isa = PBXProject;
			attributes = {
				LastSwiftUpdateCheck = 1020;
				LastUpgradeCheck = 1020;
				ORGANIZATIONNAME = DevMountain;
				TargetAttributes = {
					DC4E93A522A58390000F11F9 = {
						CreatedOnToolsVersion = 10.2.1;
					};
				};
			};
			buildConfigurationList = DC4E93A122A58390000F11F9 /* Build configuration list for PBXProject "CKBulletinBoard" */;
			compatibilityVersion = "Xcode 9.3";
			developmentRegion = en;
			hasScannedForEncodings = 0;
			knownRegions = (
				en,
				Base,
			);
			mainGroup = DC4E939D22A58390000F11F9;
			productRefGroup = DC4E93A722A58390000F11F9 /* Products */;
			projectDirPath = "";
			projectRoot = "";
			targets = (
				DC4E93A522A58390000F11F9 /* CKBulletinBoard */,
			);
		};
/* End PBXProject section */

/* Begin PBXResourcesBuildPhase section */
		DC4E93A422A58390000F11F9 /* Resources */ = {
			isa = PBXResourcesBuildPhase;
			buildActionMask = 2147483647;
			files = (
				DC4E93B422A58392000F11F9 /* LaunchScreen.storyboard in Resources */,
				DC4E93B122A58392000F11F9 /* Assets.xcassets in Resources */,
				DC4E93AF22A58390000F11F9 /* Main.storyboard in Resources */,
			);
			runOnlyForDeploymentPostprocessing = 0;
		};
/* End PBXResourcesBuildPhase section */

/* Begin PBXSourcesBuildPhase section */
		DC4E93A222A58390000F11F9 /* Sources */ = {
			isa = PBXSourcesBuildPhase;
			buildActionMask = 2147483647;
			files = (
				DCD6ADF622A5BAE200DAFA6D /* Message Controller.swift in Sources */,
				DC1733F022A58754001B8E04 /* Message.swift in Sources */,
				DC4E93AC22A58390000F11F9 /* ViewController.swift in Sources */,
				DC4E93AA22A58390000F11F9 /* AppDelegate.swift in Sources */,
				DCD6ADF922A5C00C00DAFA6D /* MessageListTableViewController.swift in Sources */,
			);
			runOnlyForDeploymentPostprocessing = 0;
		};
/* End PBXSourcesBuildPhase section */

/* Begin PBXVariantGroup section */
		DC4E93AD22A58390000F11F9 /* Main.storyboard */ = {
			isa = PBXVariantGroup;
			children = (
				DC4E93AE22A58390000F11F9 /* Base */,
			);
			name = Main.storyboard;
			sourceTree = "<group>";
		};
		DC4E93B222A58392000F11F9 /* LaunchScreen.storyboard */ = {
			isa = PBXVariantGroup;
			children = (
				DC4E93B322A58392000F11F9 /* Base */,
			);
			name = LaunchScreen.storyboard;
			sourceTree = "<group>";
		};
/* End PBXVariantGroup section */

/* Begin XCBuildConfiguration section */
		DC4E93B622A58392000F11F9 /* Debug */ = {
			isa = XCBuildConfiguration;
			buildSettings = {
				ALWAYS_SEARCH_USER_PATHS = NO;
				CLANG_ANALYZER_NONNULL = YES;
				CLANG_ANALYZER_NUMBER_OBJECT_CONVERSION = YES_AGGRESSIVE;
				CLANG_CXX_LANGUAGE_STANDARD = "gnu++14";
				CLANG_CXX_LIBRARY = "libc++";
				CLANG_ENABLE_MODULES = YES;
				CLANG_ENABLE_OBJC_ARC = YES;
				CLANG_ENABLE_OBJC_WEAK = YES;
				CLANG_WARN_BLOCK_CAPTURE_AUTORELEASING = YES;
				CLANG_WARN_BOOL_CONVERSION = YES;
				CLANG_WARN_COMMA = YES;
				CLANG_WARN_CONSTANT_CONVERSION = YES;
				CLANG_WARN_DEPRECATED_OBJC_IMPLEMENTATIONS = YES;
				CLANG_WARN_DIRECT_OBJC_ISA_USAGE = YES_ERROR;
				CLANG_WARN_DOCUMENTATION_COMMENTS = YES;
				CLANG_WARN_EMPTY_BODY = YES;
				CLANG_WARN_ENUM_CONVERSION = YES;
				CLANG_WARN_INFINITE_RECURSION = YES;
				CLANG_WARN_INT_CONVERSION = YES;
				CLANG_WARN_NON_LITERAL_NULL_CONVERSION = YES;
				CLANG_WARN_OBJC_IMPLICIT_RETAIN_SELF = YES;
				CLANG_WARN_OBJC_LITERAL_CONVERSION = YES;
				CLANG_WARN_OBJC_ROOT_CLASS = YES_ERROR;
				CLANG_WARN_RANGE_LOOP_ANALYSIS = YES;
				CLANG_WARN_STRICT_PROTOTYPES = YES;
				CLANG_WARN_SUSPICIOUS_MOVE = YES;
				CLANG_WARN_UNGUARDED_AVAILABILITY = YES_AGGRESSIVE;
				CLANG_WARN_UNREACHABLE_CODE = YES;
				CLANG_WARN__DUPLICATE_METHOD_MATCH = YES;
				CODE_SIGN_IDENTITY = "iPhone Developer";
				COPY_PHASE_STRIP = NO;
				DEBUG_INFORMATION_FORMAT = dwarf;
				ENABLE_STRICT_OBJC_MSGSEND = YES;
				ENABLE_TESTABILITY = YES;
				GCC_C_LANGUAGE_STANDARD = gnu11;
				GCC_DYNAMIC_NO_PIC = NO;
				GCC_NO_COMMON_BLOCKS = YES;
				GCC_OPTIMIZATION_LEVEL = 0;
				GCC_PREPROCESSOR_DEFINITIONS = (
					"DEBUG=1",
					"$(inherited)",
				);
				GCC_WARN_64_TO_32_BIT_CONVERSION = YES;
				GCC_WARN_ABOUT_RETURN_TYPE = YES_ERROR;
				GCC_WARN_UNDECLARED_SELECTOR = YES;
				GCC_WARN_UNINITIALIZED_AUTOS = YES_AGGRESSIVE;
				GCC_WARN_UNUSED_FUNCTION = YES;
				GCC_WARN_UNUSED_VARIABLE = YES;
				IPHONEOS_DEPLOYMENT_TARGET = 12.2;
				MTL_ENABLE_DEBUG_INFO = INCLUDE_SOURCE;
				MTL_FAST_MATH = YES;
				ONLY_ACTIVE_ARCH = YES;
				SDKROOT = iphoneos;
				SWIFT_ACTIVE_COMPILATION_CONDITIONS = DEBUG;
				SWIFT_OPTIMIZATION_LEVEL = "-Onone";
			};
			name = Debug;
		};
		DC4E93B722A58392000F11F9 /* Release */ = {
			isa = XCBuildConfiguration;
			buildSettings = {
				ALWAYS_SEARCH_USER_PATHS = NO;
				CLANG_ANALYZER_NONNULL = YES;
				CLANG_ANALYZER_NUMBER_OBJECT_CONVERSION = YES_AGGRESSIVE;
				CLANG_CXX_LANGUAGE_STANDARD = "gnu++14";
				CLANG_CXX_LIBRARY = "libc++";
				CLANG_ENABLE_MODULES = YES;
				CLANG_ENABLE_OBJC_ARC = YES;
				CLANG_ENABLE_OBJC_WEAK = YES;
				CLANG_WARN_BLOCK_CAPTURE_AUTORELEASING = YES;
				CLANG_WARN_BOOL_CONVERSION = YES;
				CLANG_WARN_COMMA = YES;
				CLANG_WARN_CONSTANT_CONVERSION = YES;
				CLANG_WARN_DEPRECATED_OBJC_IMPLEMENTATIONS = YES;
				CLANG_WARN_DIRECT_OBJC_ISA_USAGE = YES_ERROR;
				CLANG_WARN_DOCUMENTATION_COMMENTS = YES;
				CLANG_WARN_EMPTY_BODY = YES;
				CLANG_WARN_ENUM_CONVERSION = YES;
				CLANG_WARN_INFINITE_RECURSION = YES;
				CLANG_WARN_INT_CONVERSION = YES;
				CLANG_WARN_NON_LITERAL_NULL_CONVERSION = YES;
				CLANG_WARN_OBJC_IMPLICIT_RETAIN_SELF = YES;
				CLANG_WARN_OBJC_LITERAL_CONVERSION = YES;
				CLANG_WARN_OBJC_ROOT_CLASS = YES_ERROR;
				CLANG_WARN_RANGE_LOOP_ANALYSIS = YES;
				CLANG_WARN_STRICT_PROTOTYPES = YES;
				CLANG_WARN_SUSPICIOUS_MOVE = YES;
				CLANG_WARN_UNGUARDED_AVAILABILITY = YES_AGGRESSIVE;
				CLANG_WARN_UNREACHABLE_CODE = YES;
				CLANG_WARN__DUPLICATE_METHOD_MATCH = YES;
				CODE_SIGN_IDENTITY = "iPhone Developer";
				COPY_PHASE_STRIP = NO;
				DEBUG_INFORMATION_FORMAT = "dwarf-with-dsym";
				ENABLE_NS_ASSERTIONS = NO;
				ENABLE_STRICT_OBJC_MSGSEND = YES;
				GCC_C_LANGUAGE_STANDARD = gnu11;
				GCC_NO_COMMON_BLOCKS = YES;
				GCC_WARN_64_TO_32_BIT_CONVERSION = YES;
				GCC_WARN_ABOUT_RETURN_TYPE = YES_ERROR;
				GCC_WARN_UNDECLARED_SELECTOR = YES;
				GCC_WARN_UNINITIALIZED_AUTOS = YES_AGGRESSIVE;
				GCC_WARN_UNUSED_FUNCTION = YES;
				GCC_WARN_UNUSED_VARIABLE = YES;
				IPHONEOS_DEPLOYMENT_TARGET = 12.2;
				MTL_ENABLE_DEBUG_INFO = NO;
				MTL_FAST_MATH = YES;
				SDKROOT = iphoneos;
				SWIFT_COMPILATION_MODE = wholemodule;
				SWIFT_OPTIMIZATION_LEVEL = "-O";
				VALIDATE_PRODUCT = YES;
			};
			name = Release;
		};
		DC4E93B922A58392000F11F9 /* Debug */ = {
			isa = XCBuildConfiguration;
			buildSettings = {
				ASSETCATALOG_COMPILER_APPICON_NAME = AppIcon;
				CODE_SIGN_STYLE = Automatic;
				DEVELOPMENT_TEAM = DT6NQCY8FM;
				INFOPLIST_FILE = "$(SRCROOT)/CKBulletinBoard/Resources/Info.plist";
				LD_RUNPATH_SEARCH_PATHS = (
					"$(inherited)",
					"@executable_path/Frameworks",
				);
				PRODUCT_BUNDLE_IDENTIFIER = KadenDevMountain.CKBulletinBoard;
				PRODUCT_NAME = "$(TARGET_NAME)";
				SWIFT_VERSION = 5.0;
				TARGETED_DEVICE_FAMILY = "1,2";
			};
			name = Debug;
		};
		DC4E93BA22A58392000F11F9 /* Release */ = {
			isa = XCBuildConfiguration;
			buildSettings = {
				ASSETCATALOG_COMPILER_APPICON_NAME = AppIcon;
				CODE_SIGN_STYLE = Automatic;
				DEVELOPMENT_TEAM = DT6NQCY8FM;
				INFOPLIST_FILE = "$(SRCROOT)/CKBulletinBoard/Resources/Info.plist";
				LD_RUNPATH_SEARCH_PATHS = (
					"$(inherited)",
					"@executable_path/Frameworks",
				);
				PRODUCT_BUNDLE_IDENTIFIER = KadenDevMountain.CKBulletinBoard;
				PRODUCT_NAME = "$(TARGET_NAME)";
				SWIFT_VERSION = 5.0;
				TARGETED_DEVICE_FAMILY = "1,2";
			};
			name = Release;
		};
/* End XCBuildConfiguration section */

/* Begin XCConfigurationList section */
		DC4E93A122A58390000F11F9 /* Build configuration list for PBXProject "CKBulletinBoard" */ = {
			isa = XCConfigurationList;
			buildConfigurations = (
				DC4E93B622A58392000F11F9 /* Debug */,
				DC4E93B722A58392000F11F9 /* Release */,
			);
			defaultConfigurationIsVisible = 0;
			defaultConfigurationName = Release;
		};
		DC4E93B822A58392000F11F9 /* Build configuration list for PBXNativeTarget "CKBulletinBoard" */ = {
			isa = XCConfigurationList;
			buildConfigurations = (
				DC4E93B922A58392000F11F9 /* Debug */,
				DC4E93BA22A58392000F11F9 /* Release */,
			);
			defaultConfigurationIsVisible = 0;
			defaultConfigurationName = Release;
		};
/* End XCConfigurationList section */
	};
	rootObject = DC4E939E22A58390000F11F9 /* Project object */;
}
